<?xml version="1.0" encoding="utf-8"?>
<Project ToolsVersion="4.0" xmlns="http://schemas.microsoft.com/developer/msbuild/2003">
  <ItemGroup>
    <Filter Include="소스 파일">
      <UniqueIdentifier>{4FC737F1-C7A5-4376-A066-2A32D752A2FF}</UniqueIdentifier>
      <Extensions>cpp;c;cc;cxx;def;odl;idl;hpj;bat;asm;asmx</Extensions>
    </Filter>
    <Filter Include="헤더 파일">
      <UniqueIdentifier>{93995380-89BD-4b04-88EB-625FBE52EBFB}</UniqueIdentifier>
      <Extensions>h;hpp;hxx;hm;inl;inc;xsd</Extensions>
    </Filter>
    <Filter Include="리소스 파일">
      <UniqueIdentifier>{67DA6AB6-F800-4c08-8B7A-83BB121AAD01}</UniqueIdentifier>
      <Extensions>rc;ico;cur;bmp;dlg;rc2;rct;bin;rgs;gif;jpg;jpeg;jpe;resx;tiff;tif;png;wav;mfcribbon-ms</Extensions>
    </Filter>
  </ItemGroup>
  <ItemGroup>
    <None Include="ReadMe.txt" />
    <None Include="Interface.def">
      <Filter>소스 파일</Filter>
    </None>
    <None Include="res\Interface.rc2">
      <Filter>리소스 파일</Filter>
    </None>
    <None Include="icon1.ico">
      <Filter>리소스 파일</Filter>
    </None>
    <None Include="I:\프로젝트\아이콘\knetworkconf.ico">
      <Filter>리소스 파일</Filter>
    </None>
    <None Include="i:\프로젝트\아이콘\bitmap1.bmp">
      <Filter>리소스 파일</Filter>
    </None>
    <None Include="i:\프로젝트\아이콘\bitmap2.bmp">
      <Filter>리소스 파일</Filter>
    </None>
    <None Include="i:\프로젝트\아이콘\bmp00001.bmp">
      <Filter>리소스 파일</Filter>
    </None>
    <None Include="i:\프로젝트\아이콘\bmp00002.bmp">
      <Filter>리소스 파일</Filter>
    </None>
    <None Include="i:\프로젝트\아이콘\bmp00003.bmp">
      <Filter>리소스 파일</Filter>
    </None>
    <None Include="i:\프로젝트\아이콘\bmp00004.bmp">
      <Filter>리소스 파일</Filter>
    </None>
    <None Include="i:\프로젝트\아이콘\bmp00005.bmp">
      <Filter>리소스 파일</Filter>
    </None>
    <None Include="i:\프로젝트\아이콘\bmp00006.bmp">
      <Filter>리소스 파일</Filter>
    </None>
    <None Include="i:\프로젝트\아이콘\bmp00007.bmp">
      <Filter>리소스 파일</Filter>
    </None>
    <None Include="i:\프로젝트\아이콘\bmp00008.bmp">
      <Filter>리소스 파일</Filter>
    </None>
    <None Include="i:\프로젝트\아이콘\bmp00009.bmp">
      <Filter>리소스 파일</Filter>
    </None>
    <None Include="i:\프로젝트\아이콘\bmp00010.bmp">
      <Filter>리소스 파일</Filter>
    </None>
    <None Include="i:\프로젝트\아이콘\bmp00011.bmp">
      <Filter>리소스 파일</Filter>
    </None>
    <None Include="res\knetworkconf.ico">
      <Filter>리소스 파일</Filter>
    </None>
    <None Include="res\bitmap1.bmp">
      <Filter>리소스 파일</Filter>
    </None>
    <None Include="res\bitmap2.bmp">
      <Filter>리소스 파일</Filter>
    </None>
    <None Include="res\bmp00001.bmp">
      <Filter>리소스 파일</Filter>
    </None>
    <None Include="res\bmp00002.bmp">
      <Filter>리소스 파일</Filter>
    </None>
    <None Include="res\bmp00003.bmp">
      <Filter>리소스 파일</Filter>
    </None>
    <None Include="res\bmp00004.bmp">
      <Filter>리소스 파일</Filter>
    </None>
    <None Include="res\bmp00005.bmp">
      <Filter>리소스 파일</Filter>
    </None>
    <None Include="res\bmp00006.bmp">
      <Filter>리소스 파일</Filter>
    </None>
    <None Include="res\bmp00007.bmp">
      <Filter>리소스 파일</Filter>
    </None>
    <None Include="res\bmp00008.bmp">
      <Filter>리소스 파일</Filter>
    </None>
    <None Include="res\bmp00009.bmp">
      <Filter>리소스 파일</Filter>
    </None>
    <None Include="res\bmp00010.bmp">
      <Filter>리소스 파일</Filter>
    </None>
    <None Include="res\bmp00011.bmp">
      <Filter>리소스 파일</Filter>
    </None>
  </ItemGroup>
  <ItemGroup>
    <ClCompile Include="stdafx.cpp">
      <Filter>소스 파일</Filter>
    </ClCompile>
    <ClCompile Include="DialogInterface.cpp">
      <Filter>소스 파일</Filter>
    </ClCompile>
    <ClCompile Include="Ctrl\ColorListBox.cpp">
      <Filter>소스 파일</Filter>
    </ClCompile>
    <ClCompile Include="Ctrl\Comm.cpp">
      <Filter>소스 파일</Filter>
    </ClCompile>
    <ClCompile Include="Ctrl\GradientStatic.cpp">
      <Filter>소스 파일</Filter>
    </ClCompile>
    <ClCompile Include="Ctrl\PublicFunction.cpp">
      <Filter>소스 파일</Filter>
    </ClCompile>
    <ClCompile Include="Ctrl\TrayIcon.cpp">
      <Filter>소스 파일</Filter>
    </ClCompile>
    <ClCompile Include="Ctrl\XPGroupBox.cpp">
      <Filter>소스 파일</Filter>
    </ClCompile>
    <ClCompile Include="Ctrl\ClientSocket.cpp">
      <Filter>소스 파일</Filter>
    </ClCompile>
    <ClCompile Include="Ctrl\BCMenu.cpp">
      <Filter>소스 파일</Filter>
    </ClCompile>
    <ClCompile Include="Ctrl\BtnST.cpp">
      <Filter>소스 파일</Filter>
    </ClCompile>
    <ClCompile Include="DialogBarcodeConfig.cpp">
      <Filter>소스 파일</Filter>
    </ClCompile>
    <ClCompile Include="DialogBarcodeTest.cpp">
      <Filter>소스 파일</Filter>
    </ClCompile>
    <ClCompile Include="Ctrl\Grid\GridCtrl.cpp">
      <Filter>소스 파일</Filter>
    </ClCompile>
    <ClCompile Include="DialogRfidConfig.cpp">
      <Filter>소스 파일</Filter>
    </ClCompile>
    <ClCompile Include="Ctrl\Grid\GridCellBase.cpp">
      <Filter>소스 파일</Filter>
    </ClCompile>
    <ClCompile Include="Ctrl\Grid\GridCellCheck.cpp">
      <Filter>소스 파일</Filter>
    </ClCompile>
    <ClCompile Include="Ctrl\Grid\GridCellCombo.cpp">
      <Filter>소스 파일</Filter>
    </ClCompile>
    <ClCompile Include="Ctrl\Grid\GridCellDateTime.cpp">
      <Filter>소스 파일</Filter>
    </ClCompile>
    <ClCompile Include="Ctrl\Grid\GridCellNumeric.cpp">
      <Filter>소스 파일</Filter>
    </ClCompile>
    <ClCompile Include="Ctrl\Grid\GridDropTarget.cpp">
      <Filter>소스 파일</Filter>
    </ClCompile>
    <ClCompile Include="Ctrl\Grid\TitleTip.cpp">
      <Filter>소스 파일</Filter>
    </ClCompile>
    <ClCompile Include="Ctrl\Grid\GridCell.cpp">
      <Filter>소스 파일</Filter>
    </ClCompile>
    <ClCompile Include="Ctrl\Grid\InPlaceEdit.cpp">
      <Filter>소스 파일</Filter>
    </ClCompile>
    <ClCompile Include="Interface.cpp">
      <Filter>소스 파일</Filter>
    </ClCompile>
    <ClCompile Include="DialogRfidTest.cpp">
      <Filter>소스 파일</Filter>
    </ClCompile>
    <ClCompile Include="ClientRfid.cpp">
      <Filter>소스 파일</Filter>
    </ClCompile>
    <ClCompile Include="Ctrl\ServerClient.cpp">
      <Filter>소스 파일</Filter>
    </ClCompile>
    <ClCompile Include="Ctrl\ServerSocket.cpp">
      <Filter>소스 파일</Filter>
    </ClCompile>
    <ClCompile Include="VnRCtrl.cpp">
      <Filter>소스 파일</Filter>
    </ClCompile>
    <ClCompile Include="DialogVnRConfig.cpp">
      <Filter>소스 파일</Filter>
    </ClCompile>
    <ClCompile Include="DialogVnRView.cpp">
      <Filter>소스 파일</Filter>
    </ClCompile>
  </ItemGroup>
  <ItemGroup>
    <ClInclude Include="stdafx.h">
      <Filter>헤더 파일</Filter>
    </ClInclude>
    <ClInclude Include="targetver.h">
      <Filter>헤더 파일</Filter>
    </ClInclude>
    <ClInclude Include="Resource.h">
      <Filter>헤더 파일</Filter>
    </ClInclude>
    <ClInclude Include="DialogInterface.h">
      <Filter>헤더 파일</Filter>
    </ClInclude>
    <ClInclude Include="Ctrl\ColorListBox.h">
      <Filter>헤더 파일</Filter>
    </ClInclude>
    <ClInclude Include="Ctrl\Comm.h">
      <Filter>헤더 파일</Filter>
    </ClInclude>
    <ClInclude Include="Ctrl\GradientStatic.h">
      <Filter>헤더 파일</Filter>
    </ClInclude>
    <ClInclude Include="Ctrl\PublicFunction.h">
      <Filter>헤더 파일</Filter>
    </ClInclude>
    <ClInclude Include="Ctrl\TrayIcon.h">
      <Filter>헤더 파일</Filter>
    </ClInclude>
    <ClInclude Include="Ctrl\Variable.h">
      <Filter>헤더 파일</Filter>
    </ClInclude>
    <ClInclude Include="Ctrl\XPGroupBox.h">
      <Filter>헤더 파일</Filter>
    </ClInclude>
    <ClInclude Include="Ctrl\ClientSocket.h">
      <Filter>헤더 파일</Filter>
    </ClInclude>
    <ClInclude Include="Ctrl\BCMenu.h">
      <Filter>헤더 파일</Filter>
    </ClInclude>
    <ClInclude Include="Ctrl\BtnST.h">
      <Filter>헤더 파일</Filter>
    </ClInclude>
    <ClInclude Include="DialogBarcodeConfig.h">
      <Filter>헤더 파일</Filter>
    </ClInclude>
    <ClInclude Include="DialogBarcodeTest.h">
      <Filter>헤더 파일</Filter>
    </ClInclude>
    <ClInclude Include="Ctrl\Grid\GridCtrl.h">
      <Filter>헤더 파일</Filter>
    </ClInclude>
    <ClInclude Include="DialogRfidConfig.h">
      <Filter>헤더 파일</Filter>
    </ClInclude>
    <ClInclude Include="Ctrl\Grid\CellRange.h">
      <Filter>헤더 파일</Filter>
    </ClInclude>
    <ClInclude Include="Ctrl\Grid\GridCellBase.h">
      <Filter>헤더 파일</Filter>
    </ClInclude>
    <ClInclude Include="Ctrl\Grid\GridCellCheck.h">
      <Filter>헤더 파일</Filter>
    </ClInclude>
    <ClInclude Include="Ctrl\Grid\GridCellCombo.h">
      <Filter>헤더 파일</Filter>
    </ClInclude>
    <ClInclude Include="Ctrl\Grid\GridCellDateTime.h">
      <Filter>헤더 파일</Filter>
    </ClInclude>
    <ClInclude Include="Ctrl\Grid\GridCellNumeric.h">
      <Filter>헤더 파일</Filter>
    </ClInclude>
    <ClInclude Include="Ctrl\Grid\GridDropTarget.h">
      <Filter>헤더 파일</Filter>
    </ClInclude>
    <ClInclude Include="Ctrl\Grid\MemDC.h">
      <Filter>헤더 파일</Filter>
    </ClInclude>
    <ClInclude Include="Ctrl\Grid\TitleTip.h">
      <Filter>헤더 파일</Filter>
    </ClInclude>
    <ClInclude Include="Ctrl\Grid\GridCell.h">
      <Filter>헤더 파일</Filter>
    </ClInclude>
    <ClInclude Include="Ctrl\Grid\InPlaceEdit.h">
      <Filter>헤더 파일</Filter>
    </ClInclude>
    <ClInclude Include="Interface.h">
      <Filter>헤더 파일</Filter>
    </ClInclude>
    <ClInclude Include="DialogRfidTest.h">
      <Filter>헤더 파일</Filter>
    </ClInclude>
    <ClInclude Include="ClientRfid.h">
      <Filter>헤더 파일</Filter>
    </ClInclude>
    <ClInclude Include="Ctrl\ServerClient.h">
      <Filter>헤더 파일</Filter>
    </ClInclude>
    <ClInclude Include="Ctrl\ServerSocket.h">
      <Filter>헤더 파일</Filter>
    </ClInclude>
    <ClInclude Include="VnRCtrl.h">
      <Filter>헤더 파일</Filter>
    </ClInclude>
    <ClInclude Include="DialogVnRConfig.h">
      <Filter>헤더 파일</Filter>
    </ClInclude>
    <ClInclude Include="DialogVnRView.h">
      <Filter>헤더 파일</Filter>
    </ClInclude>
  </ItemGroup>
  <ItemGroup>
    <ResourceCompile Include="Interface.rc">
      <Filter>리소스 파일</Filter>
    </ResourceCompile>
  </ItemGroup>
</Project>